
Microsoft Visual Studio Solution File, Format Version 11.00
# Visual Studio 2010
Project("{FAE04EC0-301F-11D3-BF4B-00C04F79EFBC}") = "Senior Project", "Senior Project\Senior Project.csproj", "{DA824340-4DA4-46DC-9BF3-7B6C06C03EE2}"
EndProject
Global
	GlobalSection(SolutionConfigurationPlatforms) = preSolution
		Debug|Any CPU = Debug|Any CPU
		Release|Any CPU = Release|Any CPU
	EndGlobalSection
	GlobalSection(ProjectConfigurationPlatforms) = postSolution
		{DA824340-4DA4-46DC-9BF3-7B6C06C03EE2}.Debug|Any CPU.ActiveCfg = Debug|Any CPU
		{DA824340-4DA4-46DC-9BF3-7B6C06C03EE2}.Debug|Any CPU.Build.0 = Debug|Any CPU
		{DA824340-4DA4-46DC-9BF3-7B6C06C03EE2}.Release|Any CPU.ActiveCfg = Release|Any CPU
		{DA824340-4DA4-46DC-9BF3-7B6C06C03EE2}.Release|Any CPU.Build.0 = Release|Any CPU
	EndGlobalSection
	GlobalSection(SolutionProperties) = preSolution
		HideSolutionNode = FALSE
	EndGlobalSection
EndGlobal
